
Microsoft Visual Studio Solution File, Format Version 12.00
# Visual Studio Version 17
VisualStudioVersion = 17.13.35931.197 d17.13
MinimumVisualStudioVersion = 10.0.40219.1
Project("{FAE04EC0-301F-11D3-BF4B-00C04F79EFBC}") = "AutoRestartServer", "AutoRestartServer\AutoRestartServer.csproj", "{9B985273-7EB3-4FF2-96C9-1621CD8A3554}"
EndProject
Global
	GlobalSection(SolutionConfigurationPlatforms) = preSolution
		Debug|Any CPU = Debug|Any CPU
		Release|Any CPU = Release|Any CPU
	EndGlobalSection
	GlobalSection(ProjectConfigurationPlatforms) = postSolution
		{9B985273-7EB3-4FF2-96C9-1621CD8A3554}.Debug|Any CPU.ActiveCfg = Debug|Any CPU
		{9B985273-7EB3-4FF2-96C9-1621CD8A3554}.Debug|Any CPU.Build.0 = Debug|Any CPU
		{9B985273-7EB3-4FF2-96C9-1621CD8A3554}.Release|Any CPU.ActiveCfg = Release|Any CPU
		{9B985273-7EB3-4FF2-96C9-1621CD8A3554}.Release|Any CPU.Build.0 = Release|Any CPU
	EndGlobalSection
	GlobalSection(SolutionProperties) = preSolution
		HideSolutionNode = FALSE
	EndGlobalSection
	GlobalSection(ExtensibilityGlobals) = postSolution
		SolutionGuid = {C2C240AB-94E8-4D96-A9D1-EAACA03C7EB8}
	EndGlobalSection
EndGlobal
